{
  "version": 1,
  "dependencies": {
    "net10.0-windows7.0": {
      "DalamudPackager": {
        "type": "Direct",
        "requested": "[14.0.0, )",
        "resolved": "14.0.0",
        "contentHash": "9c1q/eAeAs82mkQWBOaCvbt3GIQxAIadz5b/7pCXDIy9nHPtnRc+tDXEvKR+M36Wvi7n+qBTevRupkLUQp6DFA=="
      },
      "DotNet.ReproducibleBuilds": {
        "type": "Direct",
        "requested": "[1.2.39, )",
        "resolved": "1.2.39",
        "contentHash": "fcFN01tDTIQqDuTwr1jUQK/geofiwjG5DycJQOnC72i1SsLAk1ELe+apBOuZ11UMQG8YKFZG1FgvjZPbqHyatg=="
      },
      "Microsoft.Data.Analysis": {
        "type": "Direct",
        "requested": "[0.22.2, )",
        "resolved": "0.22.2",
        "contentHash": "03BYnS/6OH5POkTkxaCoz4bqAH4irFQsXtsMOeaxwOCL7JTzXtneyqENSI+DldLKEDMlt6ZvzdktYUf/W3oN6g==",
        "dependencies": {
          "Apache.Arrow": "14.0.2",
          "Microsoft.ML.DataView": "4.0.2",
          "System.Numerics.Tensors": "9.0.0"
        }
      },
      "System.Windows.Extensions": {
        "type": "Direct",
        "requested": "[9.0.3, )",
        "resolved": "9.0.3",
        "contentHash": "NprFIDXNtYcozulQxOfF0o3z/kq2XRnnip+fpfcqBhfsIjLfIkuEVvwJkFefn5xN3IKfx8+j2RNOyjHnwZ1ZGw=="
      },
      "Apache.Arrow": {
        "type": "Transitive",
        "resolved": "14.0.2",
        "contentHash": "2xvo9q2ag/Ze7TKSMsZfcQFMk3zZKWcduttJXoYnoevZD2bv+lKnOPeleyxONuR1ZwhZ00D86pPM9TWx2GMY2w=="
      },
      "Microsoft.ML.DataView": {
        "type": "Transitive",
        "resolved": "4.0.2",
        "contentHash": "k8q9UwoCG5WpwnvPS3s46yNU+wkMgAC5F/8OELpPbozcyJw0DZL8WnpnL/mw7E218Ec4SpYz+nxL9P87eAdzmg=="
      },
      "System.Numerics.Tensors": {
        "type": "Transitive",
        "resolved": "9.0.0",
        "contentHash": "hyJB4UlpAi19Xr9AXzu2NuagKC4lPfHObNMEAA0HmqFz2rX7wKgzeYzO/jM/eBHDhnUGFFEjk5cOoJaxqg5J4A=="
      }
    }
  }
}