{
  "version": 1,
  "dependencies": {
    "net9.0-windows7.0": {
      "DalamudPackager": {
        "type": "Direct",
        "requested": "[12.0.0, )",
        "resolved": "12.0.0",
        "contentHash": "J5TJLV3f16T/E2H2P17ClWjtfEBPpq3yxvqW46eN36JCm6wR+EaoaYkqG9Rm5sHqs3/nK/vKjWWyvEs/jhKoXw=="
      },
      "DotNet.ReproducibleBuilds": {
        "type": "Direct",
        "requested": "[1.2.25, )",
        "resolved": "1.2.25",
        "contentHash": "xCXiw7BCxHJ8pF6wPepRUddlh2dlQlbr81gXA72hdk4FLHkKXas7EH/n+fk5UCA/YfMqG1Z6XaPiUjDbUNBUzg=="
      },
      "Microsoft.Data.Analysis": {
        "type": "Direct",
        "requested": "[0.22.2, )",
        "resolved": "0.22.2",
        "contentHash": "03BYnS/6OH5POkTkxaCoz4bqAH4irFQsXtsMOeaxwOCL7JTzXtneyqENSI+DldLKEDMlt6ZvzdktYUf/W3oN6g==",
        "dependencies": {
          "Apache.Arrow": "14.0.2",
          "Microsoft.ML.DataView": "4.0.2",
          "System.Numerics.Tensors": "9.0.0"
        }
      },
      "System.Windows.Extensions": {
        "type": "Direct",
        "requested": "[9.0.3, )",
        "resolved": "9.0.3",
        "contentHash": "NprFIDXNtYcozulQxOfF0o3z/kq2XRnnip+fpfcqBhfsIjLfIkuEVvwJkFefn5xN3IKfx8+j2RNOyjHnwZ1ZGw=="
      },
      "Apache.Arrow": {
        "type": "Transitive",
        "resolved": "14.0.2",
        "contentHash": "2xvo9q2ag/Ze7TKSMsZfcQFMk3zZKWcduttJXoYnoevZD2bv+lKnOPeleyxONuR1ZwhZ00D86pPM9TWx2GMY2w=="
      },
      "Microsoft.ML.DataView": {
        "type": "Transitive",
        "resolved": "4.0.2",
        "contentHash": "k8q9UwoCG5WpwnvPS3s46yNU+wkMgAC5F/8OELpPbozcyJw0DZL8WnpnL/mw7E218Ec4SpYz+nxL9P87eAdzmg==",
        "dependencies": {
          "System.Collections.Immutable": "8.0.0",
          "System.Memory": "4.6.0"
        }
      },
      "System.Collections.Immutable": {
        "type": "Transitive",
        "resolved": "8.0.0",
        "contentHash": "AurL6Y5BA1WotzlEvVaIDpqzpIPvYnnldxru8oXJU2yFxFUy3+pNXjXd1ymO+RA0rq0+590Q8gaz2l3Sr7fmqg=="
      },
      "System.Memory": {
        "type": "Transitive",
        "resolved": "4.6.0",
        "contentHash": "OEkbBQoklHngJ8UD8ez2AERSk2g+/qpAaSWWCBFbpH727HxDq5ydVkuncBaKcKfwRqXGWx64dS6G1SUScMsitg=="
      },
      "System.Numerics.Tensors": {
        "type": "Transitive",
        "resolved": "9.0.0",
        "contentHash": "hyJB4UlpAi19Xr9AXzu2NuagKC4lPfHObNMEAA0HmqFz2rX7wKgzeYzO/jM/eBHDhnUGFFEjk5cOoJaxqg5J4A=="
      }
    }
  }
}